
Microsoft Visual Studio Solution File, Format Version 12.00
# Visual Studio Version 17
VisualStudioVersion = 17.14.36310.24 d17.14
MinimumVisualStudioVersion = 10.0.40219.1
Project("{FAE04EC0-301F-11D3-BF4B-00C04F79EFBC}") = "LanguageEssentials", "LanguageEssentials\LanguageEssentials.csproj", "{26C07E6D-22AF-40D2-AFA2-6144D379E5DB}"
EndProject
Project("{FAE04EC0-301F-11D3-BF4B-00C04F79EFBC}") = "Siemens.CodeLibrary", "Siemens.CodeLibrary\Siemens.CodeLibrary.csproj", "{ACD80D9D-7EDD-45C7-B6FC-042BC3C5DE3E}"
EndProject
Project("{FAE04EC0-301F-11D3-BF4B-00C04F79EFBC}") = "Siemens.GUIClient", "Siemens.GUIClient\Siemens.GUIClient.csproj", "{1249074C-C575-4359-9431-8EE41C83D5B9}"
EndProject
Project("{FAE04EC0-301F-11D3-BF4B-00C04F79EFBC}") = "StaticArraysDemo", "StaticArraysDemo\StaticArraysDemo.csproj", "{059708C3-6718-4BA3-954D-31658CAB152C}"
EndProject
Project("{FAE04EC0-301F-11D3-BF4B-00C04F79EFBC}") = "OODemo1", "OODemo1\OODemo1.csproj", "{DB0AC991-BC58-4DD0-9886-F82FBBF19DA1}"
EndProject
Project("{FAE04EC0-301F-11D3-BF4B-00C04F79EFBC}") = "OODemo2", "OODemo2\OODemo2.csproj", "{EFF3C44B-4FE6-42F4-95FA-F1066A22CC4D}"
EndProject
Project("{FAE04EC0-301F-11D3-BF4B-00C04F79EFBC}") = "ExceptionsDemo", "ExceptionsDemo\ExceptionsDemo.csproj", "{CBB93265-273D-43D3-BCFB-ACE0BBE64F95}"
EndProject
Project("{FAE04EC0-301F-11D3-BF4B-00C04F79EFBC}") = "CollectionsDemo", "CollectionsDemo\CollectionsDemo.csproj", "{DB6E5FD8-F3DA-4141-BC08-180E6D3A1192}"
EndProject
Project("{FAE04EC0-301F-11D3-BF4B-00C04F79EFBC}") = "LinqDemo1", "LinqDemo1\LinqDemo1.csproj", "{FF619A38-744C-4F97-B875-2BE87A06668C}"
EndProject
Project("{FAE04EC0-301F-11D3-BF4B-00C04F79EFBC}") = "EFDemo", "EFDemo\EFDemo.csproj", "{859FDAE3-AD29-4858-852E-26DB1FD0AE9F}"
EndProject
Global
	GlobalSection(SolutionConfigurationPlatforms) = preSolution
		Debug|Any CPU = Debug|Any CPU
		Release|Any CPU = Release|Any CPU
	EndGlobalSection
	GlobalSection(ProjectConfigurationPlatforms) = postSolution
		{26C07E6D-22AF-40D2-AFA2-6144D379E5DB}.Debug|Any CPU.ActiveCfg = Debug|Any CPU
		{26C07E6D-22AF-40D2-AFA2-6144D379E5DB}.Debug|Any CPU.Build.0 = Debug|Any CPU
		{26C07E6D-22AF-40D2-AFA2-6144D379E5DB}.Release|Any CPU.ActiveCfg = Release|Any CPU
		{26C07E6D-22AF-40D2-AFA2-6144D379E5DB}.Release|Any CPU.Build.0 = Release|Any CPU
		{ACD80D9D-7EDD-45C7-B6FC-042BC3C5DE3E}.Debug|Any CPU.ActiveCfg = Debug|Any CPU
		{ACD80D9D-7EDD-45C7-B6FC-042BC3C5DE3E}.Debug|Any CPU.Build.0 = Debug|Any CPU
		{ACD80D9D-7EDD-45C7-B6FC-042BC3C5DE3E}.Release|Any CPU.ActiveCfg = Release|Any CPU
		{ACD80D9D-7EDD-45C7-B6FC-042BC3C5DE3E}.Release|Any CPU.Build.0 = Release|Any CPU
		{1249074C-C575-4359-9431-8EE41C83D5B9}.Debug|Any CPU.ActiveCfg = Debug|Any CPU
		{1249074C-C575-4359-9431-8EE41C83D5B9}.Debug|Any CPU.Build.0 = Debug|Any CPU
		{1249074C-C575-4359-9431-8EE41C83D5B9}.Release|Any CPU.ActiveCfg = Release|Any CPU
		{1249074C-C575-4359-9431-8EE41C83D5B9}.Release|Any CPU.Build.0 = Release|Any CPU
		{059708C3-6718-4BA3-954D-31658CAB152C}.Debug|Any CPU.ActiveCfg = Debug|Any CPU
		{059708C3-6718-4BA3-954D-31658CAB152C}.Debug|Any CPU.Build.0 = Debug|Any CPU
		{059708C3-6718-4BA3-954D-31658CAB152C}.Release|Any CPU.ActiveCfg = Release|Any CPU
		{059708C3-6718-4BA3-954D-31658CAB152C}.Release|Any CPU.Build.0 = Release|Any CPU
		{DB0AC991-BC58-4DD0-9886-F82FBBF19DA1}.Debug|Any CPU.ActiveCfg = Debug|Any CPU
		{DB0AC991-BC58-4DD0-9886-F82FBBF19DA1}.Debug|Any CPU.Build.0 = Debug|Any CPU
		{DB0AC991-BC58-4DD0-9886-F82FBBF19DA1}.Release|Any CPU.ActiveCfg = Release|Any CPU
		{DB0AC991-BC58-4DD0-9886-F82FBBF19DA1}.Release|Any CPU.Build.0 = Release|Any CPU
		{EFF3C44B-4FE6-42F4-95FA-F1066A22CC4D}.Debug|Any CPU.ActiveCfg = Debug|Any CPU
		{EFF3C44B-4FE6-42F4-95FA-F1066A22CC4D}.Debug|Any CPU.Build.0 = Debug|Any CPU
		{EFF3C44B-4FE6-42F4-95FA-F1066A22CC4D}.Release|Any CPU.ActiveCfg = Release|Any CPU
		{EFF3C44B-4FE6-42F4-95FA-F1066A22CC4D}.Release|Any CPU.Build.0 = Release|Any CPU
		{CBB93265-273D-43D3-BCFB-ACE0BBE64F95}.Debug|Any CPU.ActiveCfg = Debug|Any CPU
		{CBB93265-273D-43D3-BCFB-ACE0BBE64F95}.Debug|Any CPU.Build.0 = Debug|Any CPU
		{CBB93265-273D-43D3-BCFB-ACE0BBE64F95}.Release|Any CPU.ActiveCfg = Release|Any CPU
		{CBB93265-273D-43D3-BCFB-ACE0BBE64F95}.Release|Any CPU.Build.0 = Release|Any CPU
		{DB6E5FD8-F3DA-4141-BC08-180E6D3A1192}.Debug|Any CPU.ActiveCfg = Debug|Any CPU
		{DB6E5FD8-F3DA-4141-BC08-180E6D3A1192}.Debug|Any CPU.Build.0 = Debug|Any CPU
		{DB6E5FD8-F3DA-4141-BC08-180E6D3A1192}.Release|Any CPU.ActiveCfg = Release|Any CPU
		{DB6E5FD8-F3DA-4141-BC08-180E6D3A1192}.Release|Any CPU.Build.0 = Release|Any CPU
		{FF619A38-744C-4F97-B875-2BE87A06668C}.Debug|Any CPU.ActiveCfg = Debug|Any CPU
		{FF619A38-744C-4F97-B875-2BE87A06668C}.Debug|Any CPU.Build.0 = Debug|Any CPU
		{FF619A38-744C-4F97-B875-2BE87A06668C}.Release|Any CPU.ActiveCfg = Release|Any CPU
		{FF619A38-744C-4F97-B875-2BE87A06668C}.Release|Any CPU.Build.0 = Release|Any CPU
		{859FDAE3-AD29-4858-852E-26DB1FD0AE9F}.Debug|Any CPU.ActiveCfg = Debug|Any CPU
		{859FDAE3-AD29-4858-852E-26DB1FD0AE9F}.Debug|Any CPU.Build.0 = Debug|Any CPU
		{859FDAE3-AD29-4858-852E-26DB1FD0AE9F}.Release|Any CPU.ActiveCfg = Release|Any CPU
		{859FDAE3-AD29-4858-852E-26DB1FD0AE9F}.Release|Any CPU.Build.0 = Release|Any CPU
	EndGlobalSection
	GlobalSection(SolutionProperties) = preSolution
		HideSolutionNode = FALSE
	EndGlobalSection
	GlobalSection(ExtensibilityGlobals) = postSolution
		SolutionGuid = {832AF2BD-3BF6-47C9-B85B-47D54FAB3D7A}
	EndGlobalSection
EndGlobal
